
Microsoft Visual Studio Solution File, Format Version 12.00
# Visual Studio 15
VisualStudioVersion = 15.0.28307.168
MinimumVisualStudioVersion = 10.0.40219.1
Project("{FAE04EC0-301F-11D3-BF4B-00C04F79EFBC}") = "SkinningV", "SkinningV\SkinningV.csproj", "{600340DD-7F27-4070-9526-492581C9104C}"
EndProject
Global
	GlobalSection(SolutionConfigurationPlatforms) = preSolution
		Debug|Any CPU = Debug|Any CPU
		Release|Any CPU = Release|Any CPU
	EndGlobalSection
	GlobalSection(ProjectConfigurationPlatforms) = postSolution
		{600340DD-7F27-4070-9526-492581C9104C}.Debug|Any CPU.ActiveCfg = Debug|Any CPU
		{600340DD-7F27-4070-9526-492581C9104C}.Debug|Any CPU.Build.0 = Debug|Any CPU
		{600340DD-7F27-4070-9526-492581C9104C}.Release|Any CPU.ActiveCfg = Release|Any CPU
		{600340DD-7F27-4070-9526-492581C9104C}.Release|Any CPU.Build.0 = Release|Any CPU
	EndGlobalSection
	GlobalSection(SolutionProperties) = preSolution
		HideSolutionNode = FALSE
	EndGlobalSection
	GlobalSection(ExtensibilityGlobals) = postSolution
		SolutionGuid = {0218342B-D5ED-4796-AECF-5B435830822C}
	EndGlobalSection
EndGlobal
